// !$*UTF8*$!
{
	archiveVersion = 1;
	classes = {
	};
	objectVersion = 46;
	objects = {

/* Begin PBXBuildFile section */
		136A5B8E2F27BB715C15FA7F /* Pods_Pokedex.framework in Frameworks */ = {isa = PBXBuildFile; fileRef = 485286D0EBA9E73603217BCA /* Pods_Pokedex.framework */; };
		DD789D4C1D76143800255BB7 /* PokemonDetailVC.swift in Sources */ = {isa = PBXBuildFile; fileRef = DD789D4B1D76143700255BB7 /* PokemonDetailVC.swift */; };
		DD789D4F1D774E5000255BB7 /* Constants.swift in Sources */ = {isa = PBXBuildFile; fileRef = DD789D4E1D774E5000255BB7 /* Constants.swift */; };
		DD959BC91D70A66E00BB2250 /* AppDelegate.swift in Sources */ = {isa = PBXBuildFile; fileRef = DD959BC81D70A66E00BB2250 /* AppDelegate.swift */; };
		DD959BCB1D70A66E00BB2250 /* PokemonVC.swift in Sources */ = {isa = PBXBuildFile; fileRef = DD959BCA1D70A66E00BB2250 /* PokemonVC.swift */; };
		DD959BCE1D70A66E00BB2250 /* Main.storyboard in Resources */ = {isa = PBXBuildFile; fileRef = DD959BCC1D70A66E00BB2250 /* Main.storyboard */; };
		DD959BD01D70A66E00BB2250 /* Assets.xcassets in Resources */ = {isa = PBXBuildFile; fileRef = DD959BCF1D70A66E00BB2250 /* Assets.xcassets */; };
		DD959BD31D70A66E00BB2250 /* LaunchScreen.storyboard in Resources */ = {isa = PBXBuildFile; fileRef = DD959BD11D70A66E00BB2250 /* LaunchScreen.storyboard */; };
		DD959BDD1D70ABC200BB2250 /* pokemon.csv in Resources */ = {isa = PBXBuildFile; fileRef = DD959BDC1D70ABC200BB2250 /* pokemon.csv */; };
		DD959BE21D70B4CD00BB2250 /* Pokemon.swift in Sources */ = {isa = PBXBuildFile; fileRef = DD959BE11D70B4CD00BB2250 /* Pokemon.swift */; };
		DD959BE41D71DC2B00BB2250 /* PokeCell.swift in Sources */ = {isa = PBXBuildFile; fileRef = DD959BE31D71DC2B00BB2250 /* PokeCell.swift */; };
		DD959BE61D7217C100BB2250 /* csv.swift in Sources */ = {isa = PBXBuildFile; fileRef = DD959BE51D7217C100BB2250 /* csv.swift */; };
		DD959C041D7551FC00BB2250 /* Pokemon Solid.ttf in Resources */ = {isa = PBXBuildFile; fileRef = DD959C031D7551FC00BB2250 /* Pokemon Solid.ttf */; };
		DD959C061D75E69000BB2250 /* music.mp3 in Resources */ = {isa = PBXBuildFile; fileRef = DD959C051D75E69000BB2250 /* music.mp3 */; };
/* End PBXBuildFile section */

/* Begin PBXFileReference section */
		485286D0EBA9E73603217BCA /* Pods_Pokedex.framework */ = {isa = PBXFileReference; explicitFileType = wrapper.framework; includeInIndex = 0; path = Pods_Pokedex.framework; sourceTree = BUILT_PRODUCTS_DIR; };
		593455E2855ECE85B1E48547 /* Pods-Pokedex.release.xcconfig */ = {isa = PBXFileReference; includeInIndex = 1; lastKnownFileType = text.xcconfig; name = "Pods-Pokedex.release.xcconfig"; path = "Pods/Target Support Files/Pods-Pokedex/Pods-Pokedex.release.xcconfig"; sourceTree = "<group>"; };
		6E2C1CD33B6BE45C5485E22E /* Pods-Pokedex.debug.xcconfig */ = {isa = PBXFileReference; includeInIndex = 1; lastKnownFileType = text.xcconfig; name = "Pods-Pokedex.debug.xcconfig"; path = "Pods/Target Support Files/Pods-Pokedex/Pods-Pokedex.debug.xcconfig"; sourceTree = "<group>"; };
		DD789D4B1D76143700255BB7 /* PokemonDetailVC.swift */ = {isa = PBXFileReference; fileEncoding = 4; lastKnownFileType = sourcecode.swift; path = PokemonDetailVC.swift; sourceTree = "<group>"; };
		DD789D4E1D774E5000255BB7 /* Constants.swift */ = {isa = PBXFileReference; fileEncoding = 4; lastKnownFileType = sourcecode.swift; path = Constants.swift; sourceTree = "<group>"; };
		DD959BC51D70A66E00BB2250 /* Pokedex.app */ = {isa = PBXFileReference; explicitFileType = wrapper.application; includeInIndex = 0; path = Pokedex.app; sourceTree = BUILT_PRODUCTS_DIR; };
		DD959BC81D70A66E00BB2250 /* AppDelegate.swift */ = {isa = PBXFileReference; lastKnownFileType = sourcecode.swift; path = AppDelegate.swift; sourceTree = "<group>"; };
		DD959BCA1D70A66E00BB2250 /* PokemonVC.swift */ = {isa = PBXFileReference; lastKnownFileType = sourcecode.swift; path = PokemonVC.swift; sourceTree = "<group>"; };
		DD959BCD1D70A66E00BB2250 /* Base */ = {isa = PBXFileReference; lastKnownFileType = file.storyboard; name = Base; path = Base.lproj/Main.storyboard; sourceTree = "<group>"; };
		DD959BCF1D70A66E00BB2250 /* Assets.xcassets */ = {isa = PBXFileReference; lastKnownFileType = folder.assetcatalog; path = Assets.xcassets; sourceTree = "<group>"; };
		DD959BD21D70A66E00BB2250 /* Base */ = {isa = PBXFileReference; lastKnownFileType = file.storyboard; name = Base; path = Base.lproj/LaunchScreen.storyboard; sourceTree = "<group>"; };
		DD959BD41D70A66E00BB2250 /* Info.plist */ = {isa = PBXFileReference; lastKnownFileType = text.plist.xml; path = Info.plist; sourceTree = "<group>"; };
		DD959BDC1D70ABC200BB2250 /* pokemon.csv */ = {isa = PBXFileReference; fileEncoding = 4; lastKnownFileType = text; path = pokemon.csv; sourceTree = "<group>"; };
		DD959BE11D70B4CD00BB2250 /* Pokemon.swift */ = {isa = PBXFileReference; fileEncoding = 4; lastKnownFileType = sourcecode.swift; path = Pokemon.swift; sourceTree = "<group>"; };
		DD959BE31D71DC2B00BB2250 /* PokeCell.swift */ = {isa = PBXFileReference; fileEncoding = 4; lastKnownFileType = sourcecode.swift; path = PokeCell.swift; sourceTree = "<group>"; };
		DD959BE51D7217C100BB2250 /* csv.swift */ = {isa = PBXFileReference; fileEncoding = 4; lastKnownFileType = sourcecode.swift; path = csv.swift; sourceTree = "<group>"; };
		DD959C031D7551FC00BB2250 /* Pokemon Solid.ttf */ = {isa = PBXFileReference; lastKnownFileType = file; path = "Pokemon Solid.ttf"; sourceTree = "<group>"; };
		DD959C051D75E69000BB2250 /* music.mp3 */ = {isa = PBXFileReference; lastKnownFileType = audio.mp3; path = music.mp3; sourceTree = "<group>"; };
/* End PBXFileReference section */

/* Begin PBXFrameworksBuildPhase section */
		DD959BC21D70A66E00BB2250 /* Frameworks */ = {
			isa = PBXFrameworksBuildPhase;
			buildActionMask = 2147483647;
			files = (
				136A5B8E2F27BB715C15FA7F /* Pods_Pokedex.framework in Frameworks */,
			);
			runOnlyForDeploymentPostprocessing = 0;
		};
/* End PBXFrameworksBuildPhase section */

/* Begin PBXGroup section */
		C9F201F50ED8CACF51EF0D13 /* Frameworks */ = {
			isa = PBXGroup;
			children = (
				485286D0EBA9E73603217BCA /* Pods_Pokedex.framework */,
			);
			name = Frameworks;
			sourceTree = "<group>";
		};
		DD789D4D1D774E2300255BB7 /* Utilities */ = {
			isa = PBXGroup;
			children = (
				DD959BE51D7217C100BB2250 /* csv.swift */,
				DD789D4E1D774E5000255BB7 /* Constants.swift */,
			);
			name = Utilities;
			sourceTree = "<group>";
		};
		DD959BBC1D70A66E00BB2250 = {
			isa = PBXGroup;
			children = (
				DD959BC71D70A66E00BB2250 /* Pokedex */,
				DD959BC61D70A66E00BB2250 /* Products */,
				F4D8CE876BF64EA4B63D43E9 /* Pods */,
				C9F201F50ED8CACF51EF0D13 /* Frameworks */,
			);
			sourceTree = "<group>";
		};
		DD959BC61D70A66E00BB2250 /* Products */ = {
			isa = PBXGroup;
			children = (
				DD959BC51D70A66E00BB2250 /* Pokedex.app */,
			);
			name = Products;
			sourceTree = "<group>";
		};
		DD959BC71D70A66E00BB2250 /* Pokedex */ = {
			isa = PBXGroup;
			children = (
				DD959BE01D70B4B600BB2250 /* Model */,
				DD959BDF1D70B4AD00BB2250 /* View */,
				DD959BDE1D70B4A500BB2250 /* Controller */,
				DD959C021D75505600BB2250 /* Resources */,
				DD789D4D1D774E2300255BB7 /* Utilities */,
				DD959BC81D70A66E00BB2250 /* AppDelegate.swift */,
				DD959BCC1D70A66E00BB2250 /* Main.storyboard */,
				DD959BCF1D70A66E00BB2250 /* Assets.xcassets */,
				DD959BD11D70A66E00BB2250 /* LaunchScreen.storyboard */,
				DD959BD41D70A66E00BB2250 /* Info.plist */,
			);
			path = Pokedex;
			sourceTree = "<group>";
		};
		DD959BDE1D70B4A500BB2250 /* Controller */ = {
			isa = PBXGroup;
			children = (
				DD959BCA1D70A66E00BB2250 /* PokemonVC.swift */,
				DD789D4B1D76143700255BB7 /* PokemonDetailVC.swift */,
			);
			name = Controller;
			sourceTree = "<group>";
		};
		DD959BDF1D70B4AD00BB2250 /* View */ = {
			isa = PBXGroup;
			children = (
				DD959BE31D71DC2B00BB2250 /* PokeCell.swift */,
			);
			name = View;
			sourceTree = "<group>";
		};
		DD959BE01D70B4B600BB2250 /* Model */ = {
			isa = PBXGroup;
			children = (
				DD959BE11D70B4CD00BB2250 /* Pokemon.swift */,
			);
			name = Model;
			sourceTree = "<group>";
		};
		DD959C021D75505600BB2250 /* Resources */ = {
			isa = PBXGroup;
			children = (
				DD959BDC1D70ABC200BB2250 /* pokemon.csv */,
				DD959C031D7551FC00BB2250 /* Pokemon Solid.ttf */,
				DD959C051D75E69000BB2250 /* music.mp3 */,
			);
			name = Resources;
			sourceTree = "<group>";
		};
		F4D8CE876BF64EA4B63D43E9 /* Pods */ = {
			isa = PBXGroup;
			children = (
				6E2C1CD33B6BE45C5485E22E /* Pods-Pokedex.debug.xcconfig */,
				593455E2855ECE85B1E48547 /* Pods-Pokedex.release.xcconfig */,
			);
			name = Pods;
			sourceTree = "<group>";
		};
/* End PBXGroup section */

/* Begin PBXNativeTarget section */
		DD959BC41D70A66E00BB2250 /* Pokedex */ = {
			isa = PBXNativeTarget;
			buildConfigurationList = DD959BD71D70A66E00BB2250 /* Build configuration list for PBXNativeTarget "Pokedex" */;
			buildPhases = (
				62584260F205666541E38DB6 /* [CP] Check Pods Manifest.lock */,
				DD959BC11D70A66E00BB2250 /* Sources */,
				DD959BC21D70A66E00BB2250 /* Frameworks */,
				DD959BC31D70A66E00BB2250 /* Resources */,
				8A0836F86BD8036C5AF9C301 /* [CP] Embed Pods Frameworks */,
				56D0E6FE4C5D9C42C60119C6 /* [CP] Copy Pods Resources */,
			);
			buildRules = (
			);
			dependencies = (
			);
			name = Pokedex;
			productName = Pokedex;
			productReference = DD959BC51D70A66E00BB2250 /* Pokedex.app */;
			productType = "com.apple.product-type.application";
		};
/* End PBXNativeTarget section */

/* Begin PBXProject section */
		DD959BBD1D70A66E00BB2250 /* Project object */ = {
			isa = PBXProject;
			attributes = {
				LastSwiftUpdateCheck = 0800;
				LastUpgradeCheck = 0800;
				ORGANIZATIONNAME = "Jonathan Uttankar";
				TargetAttributes = {
					DD959BC41D70A66E00BB2250 = {
						CreatedOnToolsVersion = 8.0;
						LastSwiftMigration = 0800;
						ProvisioningStyle = Automatic;
					};
				};
			};
			buildConfigurationList = DD959BC01D70A66E00BB2250 /* Build configuration list for PBXProject "Pokedex" */;
			compatibilityVersion = "Xcode 3.2";
			developmentRegion = English;
			hasScannedForEncodings = 0;
			knownRegions = (
				en,
				Base,
			);
			mainGroup = DD959BBC1D70A66E00BB2250;
			productRefGroup = DD959BC61D70A66E00BB2250 /* Products */;
			projectDirPath = "";
			projectRoot = "";
			targets = (
				DD959BC41D70A66E00BB2250 /* Pokedex */,
			);
		};
/* End PBXProject section */

/* Begin PBXResourcesBuildPhase section */
		DD959BC31D70A66E00BB2250 /* Resources */ = {
			isa = PBXResourcesBuildPhase;
			buildActionMask = 2147483647;
			files = (
				DD959C041D7551FC00BB2250 /* Pokemon Solid.ttf in Resources */,
				DD959BD31D70A66E00BB2250 /* LaunchScreen.storyboard in Resources */,
				DD959C061D75E69000BB2250 /* music.mp3 in Resources */,
				DD959BD01D70A66E00BB2250 /* Assets.xcassets in Resources */,
				DD959BDD1D70ABC200BB2250 /* pokemon.csv in Resources */,
				DD959BCE1D70A66E00BB2250 /* Main.storyboard in Resources */,
			);
			runOnlyForDeploymentPostprocessing = 0;
		};
/* End PBXResourcesBuildPhase section */

/* Begin PBXShellScriptBuildPhase section */
		56D0E6FE4C5D9C42C60119C6 /* [CP] Copy Pods Resources */ = {
			isa = PBXShellScriptBuildPhase;
			buildActionMask = 2147483647;
			files = (
			);
			inputPaths = (
			);
			name = "[CP] Copy Pods Resources";
			outputPaths = (
			);
			runOnlyForDeploymentPostprocessing = 0;
			shellPath = /bin/sh;
			shellScript = "\"${SRCROOT}/Pods/Target Support Files/Pods-Pokedex/Pods-Pokedex-resources.sh\"\n";
			showEnvVarsInLog = 0;
		};
		62584260F205666541E38DB6 /* [CP] Check Pods Manifest.lock */ = {
			isa = PBXShellScriptBuildPhase;
			buildActionMask = 2147483647;
			files = (
			);
			inputPaths = (
			);
			name = "[CP] Check Pods Manifest.lock";
			outputPaths = (
			);
			runOnlyForDeploymentPostprocessing = 0;
			shellPath = /bin/sh;
			shellScript = "diff \"${PODS_ROOT}/../Podfile.lock\" \"${PODS_ROOT}/Manifest.lock\" > /dev/null\nif [ $? != 0 ] ; then\n    # print error to STDERR\n    echo \"error: The sandbox is not in sync with the Podfile.lock. Run 'pod install' or update your CocoaPods installation.\" >&2\n    exit 1\nfi\n";
			showEnvVarsInLog = 0;
		};
		8A0836F86BD8036C5AF9C301 /* [CP] Embed Pods Frameworks */ = {
			isa = PBXShellScriptBuildPhase;
			buildActionMask = 2147483647;
			files = (
			);
			inputPaths = (
			);
			name = "[CP] Embed Pods Frameworks";
			outputPaths = (
			);
			runOnlyForDeploymentPostprocessing = 0;
			shellPath = /bin/sh;
			shellScript = "\"${SRCROOT}/Pods/Target Support Files/Pods-Pokedex/Pods-Pokedex-frameworks.sh\"\n";
			showEnvVarsInLog = 0;
		};
/* End PBXShellScriptBuildPhase section */

/* Begin PBXSourcesBuildPhase section */
		DD959BC11D70A66E00BB2250 /* Sources */ = {
			isa = PBXSourcesBuildPhase;
			buildActionMask = 2147483647;
			files = (
				DD959BE41D71DC2B00BB2250 /* PokeCell.swift in Sources */,
				DD959BCB1D70A66E00BB2250 /* PokemonVC.swift in Sources */,
				DD959BC91D70A66E00BB2250 /* AppDelegate.swift in Sources */,
				DD789D4C1D76143800255BB7 /* PokemonDetailVC.swift in Sources */,
				DD789D4F1D774E5000255BB7 /* Constants.swift in Sources */,
				DD959BE21D70B4CD00BB2250 /* Pokemon.swift in Sources */,
				DD959BE61D7217C100BB2250 /* csv.swift in Sources */,
			);
			runOnlyForDeploymentPostprocessing = 0;
		};
/* End PBXSourcesBuildPhase section */

/* Begin PBXVariantGroup section */
		DD959BCC1D70A66E00BB2250 /* Main.storyboard */ = {
			isa = PBXVariantGroup;
			children = (
				DD959BCD1D70A66E00BB2250 /* Base */,
			);
			name = Main.storyboard;
			sourceTree = "<group>";
		};
		DD959BD11D70A66E00BB2250 /* LaunchScreen.storyboard */ = {
			isa = PBXVariantGroup;
			children = (
				DD959BD21D70A66E00BB2250 /* Base */,
			);
			name = LaunchScreen.storyboard;
			sourceTree = "<group>";
		};
/* End PBXVariantGroup section */

/* Begin XCBuildConfiguration section */
		DD959BD51D70A66E00BB2250 /* Debug */ = {
			isa = XCBuildConfiguration;
			buildSettings = {
				ALWAYS_SEARCH_USER_PATHS = NO;
				CLANG_ANALYZER_NONNULL = YES;
				CLANG_CXX_LANGUAGE_STANDARD = "gnu++0x";
				CLANG_CXX_LIBRARY = "libc++";
				CLANG_ENABLE_MODULES = YES;
				CLANG_ENABLE_OBJC_ARC = YES;
				CLANG_WARN_BOOL_CONVERSION = YES;
				CLANG_WARN_CONSTANT_CONVERSION = YES;
				CLANG_WARN_DIRECT_OBJC_ISA_USAGE = YES_ERROR;
				CLANG_WARN_DOCUMENTATION_COMMENTS = YES;
				CLANG_WARN_EMPTY_BODY = YES;
				CLANG_WARN_ENUM_CONVERSION = YES;
				CLANG_WARN_INFINITE_RECURSION = YES;
				CLANG_WARN_INT_CONVERSION = YES;
				CLANG_WARN_OBJC_ROOT_CLASS = YES_ERROR;
				CLANG_WARN_SUSPICIOUS_MOVES = YES;
				CLANG_WARN_UNREACHABLE_CODE = YES;
				CLANG_WARN__DUPLICATE_METHOD_MATCH = YES;
				"CODE_SIGN_IDENTITY[sdk=iphoneos*]" = "iPhone Developer";
				COPY_PHASE_STRIP = NO;
				DEBUG_INFORMATION_FORMAT = dwarf;
				ENABLE_STRICT_OBJC_MSGSEND = YES;
				ENABLE_TESTABILITY = YES;
				GCC_C_LANGUAGE_STANDARD = gnu99;
				GCC_DYNAMIC_NO_PIC = NO;
				GCC_NO_COMMON_BLOCKS = YES;
				GCC_OPTIMIZATION_LEVEL = 0;
				GCC_PREPROCESSOR_DEFINITIONS = (
					"DEBUG=1",
					"$(inherited)",
				);
				GCC_WARN_64_TO_32_BIT_CONVERSION = YES;
				GCC_WARN_ABOUT_RETURN_TYPE = YES_ERROR;
				GCC_WARN_UNDECLARED_SELECTOR = YES;
				GCC_WARN_UNINITIALIZED_AUTOS = YES_AGGRESSIVE;
				GCC_WARN_UNUSED_FUNCTION = YES;
				GCC_WARN_UNUSED_VARIABLE = YES;
				IPHONEOS_DEPLOYMENT_TARGET = 10.0;
				MTL_ENABLE_DEBUG_INFO = YES;
				ONLY_ACTIVE_ARCH = YES;
				SDKROOT = iphoneos;
				SWIFT_ACTIVE_COMPILATION_CONDITIONS = DEBUG;
				SWIFT_OPTIMIZATION_LEVEL = "-Onone";
				TARGETED_DEVICE_FAMILY = "1,2";
			};
			name = Debug;
		};
		DD959BD61D70A66E00BB2250 /* Release */ = {
			isa = XCBuildConfiguration;
			buildSettings = {
				ALWAYS_SEARCH_USER_PATHS = NO;
				CLANG_ANALYZER_NONNULL = YES;
				CLANG_CXX_LANGUAGE_STANDARD = "gnu++0x";
				CLANG_CXX_LIBRARY = "libc++";
				CLANG_ENABLE_MODULES = YES;
				CLANG_ENABLE_OBJC_ARC = YES;
				CLANG_WARN_BOOL_CONVERSION = YES;
				CLANG_WARN_CONSTANT_CONVERSION = YES;
				CLANG_WARN_DIRECT_OBJC_ISA_USAGE = YES_ERROR;
				CLANG_WARN_DOCUMENTATION_COMMENTS = YES;
				CLANG_WARN_EMPTY_BODY = YES;
				CLANG_WARN_ENUM_CONVERSION = YES;
				CLANG_WARN_INFINITE_RECURSION = YES;
				CLANG_WARN_INT_CONVERSION = YES;
				CLANG_WARN_OBJC_ROOT_CLASS = YES_ERROR;
				CLANG_WARN_SUSPICIOUS_MOVES = YES;
				CLANG_WARN_UNREACHABLE_CODE = YES;
				CLANG_WARN__DUPLICATE_METHOD_MATCH = YES;
				"CODE_SIGN_IDENTITY[sdk=iphoneos*]" = "iPhone Developer";
				COPY_PHASE_STRIP = NO;
				DEBUG_INFORMATION_FORMAT = "dwarf-with-dsym";
				ENABLE_NS_ASSERTIONS = NO;
				ENABLE_STRICT_OBJC_MSGSEND = YES;
				GCC_C_LANGUAGE_STANDARD = gnu99;
				GCC_NO_COMMON_BLOCKS = YES;
				GCC_WARN_64_TO_32_BIT_CONVERSION = YES;
				GCC_WARN_ABOUT_RETURN_TYPE = YES_ERROR;
				GCC_WARN_UNDECLARED_SELECTOR = YES;
				GCC_WARN_UNINITIALIZED_AUTOS = YES_AGGRESSIVE;
				GCC_WARN_UNUSED_FUNCTION = YES;
				GCC_WARN_UNUSED_VARIABLE = YES;
				IPHONEOS_DEPLOYMENT_TARGET = 10.0;
				MTL_ENABLE_DEBUG_INFO = NO;
				SDKROOT = iphoneos;
				SWIFT_OPTIMIZATION_LEVEL = "-Owholemodule";
				TARGETED_DEVICE_FAMILY = "1,2";
				VALIDATE_PRODUCT = YES;
			};
			name = Release;
		};
		DD959BD81D70A66E00BB2250 /* Debug */ = {
			isa = XCBuildConfiguration;
			baseConfigurationReference = 6E2C1CD33B6BE45C5485E22E /* Pods-Pokedex.debug.xcconfig */;
			buildSettings = {
				ASSETCATALOG_COMPILER_APPICON_NAME = AppIcon;
				INFOPLIST_FILE = Pokedex/Info.plist;
				LD_RUNPATH_SEARCH_PATHS = "$(inherited) @executable_path/Frameworks";
				PRODUCT_BUNDLE_IDENTIFIER = com.JonathanUttankar.Pokedex;
				PRODUCT_NAME = "$(TARGET_NAME)";
				SWIFT_VERSION = 3.0;
			};
			name = Debug;
		};
		DD959BD91D70A66E00BB2250 /* Release */ = {
			isa = XCBuildConfiguration;
			baseConfigurationReference = 593455E2855ECE85B1E48547 /* Pods-Pokedex.release.xcconfig */;
			buildSettings = {
				ASSETCATALOG_COMPILER_APPICON_NAME = AppIcon;
				INFOPLIST_FILE = Pokedex/Info.plist;
				LD_RUNPATH_SEARCH_PATHS = "$(inherited) @executable_path/Frameworks";
				PRODUCT_BUNDLE_IDENTIFIER = com.JonathanUttankar.Pokedex;
				PRODUCT_NAME = "$(TARGET_NAME)";
				SWIFT_VERSION = 3.0;
			};
			name = Release;
		};
/* End XCBuildConfiguration section */

/* Begin XCConfigurationList section */
		DD959BC01D70A66E00BB2250 /* Build configuration list for PBXProject "Pokedex" */ = {
			isa = XCConfigurationList;
			buildConfigurations = (
				DD959BD51D70A66E00BB2250 /* Debug */,
				DD959BD61D70A66E00BB2250 /* Release */,
			);
			defaultConfigurationIsVisible = 0;
			defaultConfigurationName = Release;
		};
		DD959BD71D70A66E00BB2250 /* Build configuration list for PBXNativeTarget "Pokedex" */ = {
			isa = XCConfigurationList;
			buildConfigurations = (
				DD959BD81D70A66E00BB2250 /* Debug */,
				DD959BD91D70A66E00BB2250 /* Release */,
			);
			defaultConfigurationIsVisible = 0;
			defaultConfigurationName = Release;
		};
/* End XCConfigurationList section */
	};
	rootObject = DD959BBD1D70A66E00BB2250 /* Project object */;
}
