// !$*UTF8*$!
{
	archiveVersion = 1;
	classes = {
	};
	objectVersion = 46;
	objects = {

/* Begin PBXBuildFile section */
		DD959BC91D70A66E00BB2250 /* AppDelegate.swift in Sources */ = {isa = PBXBuildFile; fileRef = DD959BC81D70A66E00BB2250 /* AppDelegate.swift */; };
		DD959BCB1D70A66E00BB2250 /* ViewController.swift in Sources */ = {isa = PBXBuildFile; fileRef = DD959BCA1D70A66E00BB2250 /* ViewController.swift */; };
		DD959BCE1D70A66E00BB2250 /* Main.storyboard in Resources */ = {isa = PBXBuildFile; fileRef = DD959BCC1D70A66E00BB2250 /* Main.storyboard */; };
		DD959BD01D70A66E00BB2250 /* Assets.xcassets in Resources */ = {isa = PBXBuildFile; fileRef = DD959BCF1D70A66E00BB2250 /* Assets.xcassets */; };
		DD959BD31D70A66E00BB2250 /* LaunchScreen.storyboard in Resources */ = {isa = PBXBuildFile; fileRef = DD959BD11D70A66E00BB2250 /* LaunchScreen.storyboard */; };
		DD959BDD1D70ABC200BB2250 /* pokemon.csv in Resources */ = {isa = PBXBuildFile; fileRef = DD959BDC1D70ABC200BB2250 /* pokemon.csv */; };
		DD959BE21D70B4CD00BB2250 /* Pokemon.swift in Sources */ = {isa = PBXBuildFile; fileRef = DD959BE11D70B4CD00BB2250 /* Pokemon.swift */; };
/* End PBXBuildFile section */

/* Begin PBXFileReference section */
		DD959BC51D70A66E00BB2250 /* Pokedex.app */ = {isa = PBXFileReference; explicitFileType = wrapper.application; includeInIndex = 0; path = Pokedex.app; sourceTree = BUILT_PRODUCTS_DIR; };
		DD959BC81D70A66E00BB2250 /* AppDelegate.swift */ = {isa = PBXFileReference; lastKnownFileType = sourcecode.swift; path = AppDelegate.swift; sourceTree = "<group>"; };
		DD959BCA1D70A66E00BB2250 /* ViewController.swift */ = {isa = PBXFileReference; lastKnownFileType = sourcecode.swift; path = ViewController.swift; sourceTree = "<group>"; };
		DD959BCD1D70A66E00BB2250 /* Base */ = {isa = PBXFileReference; lastKnownFileType = file.storyboard; name = Base; path = Base.lproj/Main.storyboard; sourceTree = "<group>"; };
		DD959BCF1D70A66E00BB2250 /* Assets.xcassets */ = {isa = PBXFileReference; lastKnownFileType = folder.assetcatalog; path = Assets.xcassets; sourceTree = "<group>"; };
		DD959BD21D70A66E00BB2250 /* Base */ = {isa = PBXFileReference; lastKnownFileType = file.storyboard; name = Base; path = Base.lproj/LaunchScreen.storyboard; sourceTree = "<group>"; };
		DD959BD41D70A66E00BB2250 /* Info.plist */ = {isa = PBXFileReference; lastKnownFileType = text.plist.xml; path = Info.plist; sourceTree = "<group>"; };
		DD959BDC1D70ABC200BB2250 /* pokemon.csv */ = {isa = PBXFileReference; fileEncoding = 4; lastKnownFileType = text; path = pokemon.csv; sourceTree = "<group>"; };
		DD959BE11D70B4CD00BB2250 /* Pokemon.swift */ = {isa = PBXFileReference; fileEncoding = 4; lastKnownFileType = sourcecode.swift; path = Pokemon.swift; sourceTree = "<group>"; };
/* End PBXFileReference section */

/* Begin PBXFrameworksBuildPhase section */
		DD959BC21D70A66E00BB2250 /* Frameworks */ = {
			isa = PBXFrameworksBuildPhase;
			buildActionMask = 2147483647;
			files = (
			);
			runOnlyForDeploymentPostprocessing = 0;
		};
/* End PBXFrameworksBuildPhase section */

/* Begin PBXGroup section */
		DD959BBC1D70A66E00BB2250 = {
			isa = PBXGroup;
			children = (
				DD959BC71D70A66E00BB2250 /* Pokedex */,
				DD959BC61D70A66E00BB2250 /* Products */,
			);
			sourceTree = "<group>";
		};
		DD959BC61D70A66E00BB2250 /* Products */ = {
			isa = PBXGroup;
			children = (
				DD959BC51D70A66E00BB2250 /* Pokedex.app */,
			);
			name = Products;
			sourceTree = "<group>";
		};
		DD959BC71D70A66E00BB2250 /* Pokedex */ = {
			isa = PBXGroup;
			children = (
				DD959BE01D70B4B600BB2250 /* Model */,
				DD959BDF1D70B4AD00BB2250 /* View */,
				DD959BDE1D70B4A500BB2250 /* Controller */,
				DD959BC81D70A66E00BB2250 /* AppDelegate.swift */,
				DD959BCC1D70A66E00BB2250 /* Main.storyboard */,
				DD959BCF1D70A66E00BB2250 /* Assets.xcassets */,
				DD959BDC1D70ABC200BB2250 /* pokemon.csv */,
				DD959BD11D70A66E00BB2250 /* LaunchScreen.storyboard */,
				DD959BD41D70A66E00BB2250 /* Info.plist */,
			);
			path = Pokedex;
			sourceTree = "<group>";
		};
		DD959BDE1D70B4A500BB2250 /* Controller */ = {
			isa = PBXGroup;
			children = (
				DD959BCA1D70A66E00BB2250 /* ViewController.swift */,
			);
			name = Controller;
			sourceTree = "<group>";
		};
		DD959BDF1D70B4AD00BB2250 /* View */ = {
			isa = PBXGroup;
			children = (
			);
			name = View;
			sourceTree = "<group>";
		};
		DD959BE01D70B4B600BB2250 /* Model */ = {
			isa = PBXGroup;
			children = (
				DD959BE11D70B4CD00BB2250 /* Pokemon.swift */,
			);
			name = Model;
			sourceTree = "<group>";
		};
/* End PBXGroup section */

/* Begin PBXNativeTarget section */
		DD959BC41D70A66E00BB2250 /* Pokedex */ = {
			isa = PBXNativeTarget;
			buildConfigurationList = DD959BD71D70A66E00BB2250 /* Build configuration list for PBXNativeTarget "Pokedex" */;
			buildPhases = (
				DD959BC11D70A66E00BB2250 /* Sources */,
				DD959BC21D70A66E00BB2250 /* Frameworks */,
				DD959BC31D70A66E00BB2250 /* Resources */,
			);
			buildRules = (
			);
			dependencies = (
			);
			name = Pokedex;
			productName = Pokedex;
			productReference = DD959BC51D70A66E00BB2250 /* Pokedex.app */;
			productType = "com.apple.product-type.application";
		};
/* End PBXNativeTarget section */

/* Begin PBXProject section */
		DD959BBD1D70A66E00BB2250 /* Project object */ = {
			isa = PBXProject;
			attributes = {
				LastSwiftUpdateCheck = 0800;
				LastUpgradeCheck = 0800;
				ORGANIZATIONNAME = "Jonathan Uttankar";
				TargetAttributes = {
					DD959BC41D70A66E00BB2250 = {
						CreatedOnToolsVersion = 8.0;
						ProvisioningStyle = Automatic;
					};
				};
			};
			buildConfigurationList = DD959BC01D70A66E00BB2250 /* Build configuration list for PBXProject "Pokedex" */;
			compatibilityVersion = "Xcode 3.2";
			developmentRegion = English;
			hasScannedForEncodings = 0;
			knownRegions = (
				en,
				Base,
			);
			mainGroup = DD959BBC1D70A66E00BB2250;
			productRefGroup = DD959BC61D70A66E00BB2250 /* Products */;
			projectDirPath = "";
			projectRoot = "";
			targets = (
				DD959BC41D70A66E00BB2250 /* Pokedex */,
			);
		};
/* End PBXProject section */

/* Begin PBXResourcesBuildPhase section */
		DD959BC31D70A66E00BB2250 /* Resources */ = {
			isa = PBXResourcesBuildPhase;
			buildActionMask = 2147483647;
			files = (
				DD959BD31D70A66E00BB2250 /* LaunchScreen.storyboard in Resources */,
				DD959BD01D70A66E00BB2250 /* Assets.xcassets in Resources */,
				DD959BDD1D70ABC200BB2250 /* pokemon.csv in Resources */,
				DD959BCE1D70A66E00BB2250 /* Main.storyboard in Resources */,
			);
			runOnlyForDeploymentPostprocessing = 0;
		};
/* End PBXResourcesBuildPhase section */

/* Begin PBXSourcesBuildPhase section */
		DD959BC11D70A66E00BB2250 /* Sources */ = {
			isa = PBXSourcesBuildPhase;
			buildActionMask = 2147483647;
			files = (
				DD959BCB1D70A66E00BB2250 /* ViewController.swift in Sources */,
				DD959BC91D70A66E00BB2250 /* AppDelegate.swift in Sources */,
				DD959BE21D70B4CD00BB2250 /* Pokemon.swift in Sources */,
			);
			runOnlyForDeploymentPostprocessing = 0;
		};
/* End PBXSourcesBuildPhase section */

/* Begin PBXVariantGroup section */
		DD959BCC1D70A66E00BB2250 /* Main.storyboard */ = {
			isa = PBXVariantGroup;
			children = (
				DD959BCD1D70A66E00BB2250 /* Base */,
			);
			name = Main.storyboard;
			sourceTree = "<group>";
		};
		DD959BD11D70A66E00BB2250 /* LaunchScreen.storyboard */ = {
			isa = PBXVariantGroup;
			children = (
				DD959BD21D70A66E00BB2250 /* Base */,
			);
			name = LaunchScreen.storyboard;
			sourceTree = "<group>";
		};
/* End PBXVariantGroup section */

/* Begin XCBuildConfiguration section */
		DD959BD51D70A66E00BB2250 /* Debug */ = {
			isa = XCBuildConfiguration;
			buildSettings = {
				ALWAYS_SEARCH_USER_PATHS = NO;
				CLANG_ANALYZER_NONNULL = YES;
				CLANG_CXX_LANGUAGE_STANDARD = "gnu++0x";
				CLANG_CXX_LIBRARY = "libc++";
				CLANG_ENABLE_MODULES = YES;
				CLANG_ENABLE_OBJC_ARC = YES;
				CLANG_WARN_BOOL_CONVERSION = YES;
				CLANG_WARN_CONSTANT_CONVERSION = YES;
				CLANG_WARN_DIRECT_OBJC_ISA_USAGE = YES_ERROR;
				CLANG_WARN_DOCUMENTATION_COMMENTS = YES;
				CLANG_WARN_EMPTY_BODY = YES;
				CLANG_WARN_ENUM_CONVERSION = YES;
				CLANG_WARN_INFINITE_RECURSION = YES;
				CLANG_WARN_INT_CONVERSION = YES;
				CLANG_WARN_OBJC_ROOT_CLASS = YES_ERROR;
				CLANG_WARN_SUSPICIOUS_MOVES = YES;
				CLANG_WARN_UNREACHABLE_CODE = YES;
				CLANG_WARN__DUPLICATE_METHOD_MATCH = YES;
				"CODE_SIGN_IDENTITY[sdk=iphoneos*]" = "iPhone Developer";
				COPY_PHASE_STRIP = NO;
				DEBUG_INFORMATION_FORMAT = dwarf;
				ENABLE_STRICT_OBJC_MSGSEND = YES;
				ENABLE_TESTABILITY = YES;
				GCC_C_LANGUAGE_STANDARD = gnu99;
				GCC_DYNAMIC_NO_PIC = NO;
				GCC_NO_COMMON_BLOCKS = YES;
				GCC_OPTIMIZATION_LEVEL = 0;
				GCC_PREPROCESSOR_DEFINITIONS = (
					"DEBUG=1",
					"$(inherited)",
				);
				GCC_WARN_64_TO_32_BIT_CONVERSION = YES;
				GCC_WARN_ABOUT_RETURN_TYPE = YES_ERROR;
				GCC_WARN_UNDECLARED_SELECTOR = YES;
				GCC_WARN_UNINITIALIZED_AUTOS = YES_AGGRESSIVE;
				GCC_WARN_UNUSED_FUNCTION = YES;
				GCC_WARN_UNUSED_VARIABLE = YES;
				IPHONEOS_DEPLOYMENT_TARGET = 10.0;
				MTL_ENABLE_DEBUG_INFO = YES;
				ONLY_ACTIVE_ARCH = YES;
				SDKROOT = iphoneos;
				SWIFT_ACTIVE_COMPILATION_CONDITIONS = DEBUG;
				SWIFT_OPTIMIZATION_LEVEL = "-Onone";
				TARGETED_DEVICE_FAMILY = "1,2";
			};
			name = Debug;
		};
		DD959BD61D70A66E00BB2250 /* Release */ = {
			isa = XCBuildConfiguration;
			buildSettings = {
				ALWAYS_SEARCH_USER_PATHS = NO;
				CLANG_ANALYZER_NONNULL = YES;
				CLANG_CXX_LANGUAGE_STANDARD = "gnu++0x";
				CLANG_CXX_LIBRARY = "libc++";
				CLANG_ENABLE_MODULES = YES;
				CLANG_ENABLE_OBJC_ARC = YES;
				CLANG_WARN_BOOL_CONVERSION = YES;
				CLANG_WARN_CONSTANT_CONVERSION = YES;
				CLANG_WARN_DIRECT_OBJC_ISA_USAGE = YES_ERROR;
				CLANG_WARN_DOCUMENTATION_COMMENTS = YES;
				CLANG_WARN_EMPTY_BODY = YES;
				CLANG_WARN_ENUM_CONVERSION = YES;
				CLANG_WARN_INFINITE_RECURSION = YES;
				CLANG_WARN_INT_CONVERSION = YES;
				CLANG_WARN_OBJC_ROOT_CLASS = YES_ERROR;
				CLANG_WARN_SUSPICIOUS_MOVES = YES;
				CLANG_WARN_UNREACHABLE_CODE = YES;
				CLANG_WARN__DUPLICATE_METHOD_MATCH = YES;
				"CODE_SIGN_IDENTITY[sdk=iphoneos*]" = "iPhone Developer";
				COPY_PHASE_STRIP = NO;
				DEBUG_INFORMATION_FORMAT = "dwarf-with-dsym";
				ENABLE_NS_ASSERTIONS = NO;
				ENABLE_STRICT_OBJC_MSGSEND = YES;
				GCC_C_LANGUAGE_STANDARD = gnu99;
				GCC_NO_COMMON_BLOCKS = YES;
				GCC_WARN_64_TO_32_BIT_CONVERSION = YES;
				GCC_WARN_ABOUT_RETURN_TYPE = YES_ERROR;
				GCC_WARN_UNDECLARED_SELECTOR = YES;
				GCC_WARN_UNINITIALIZED_AUTOS = YES_AGGRESSIVE;
				GCC_WARN_UNUSED_FUNCTION = YES;
				GCC_WARN_UNUSED_VARIABLE = YES;
				IPHONEOS_DEPLOYMENT_TARGET = 10.0;
				MTL_ENABLE_DEBUG_INFO = NO;
				SDKROOT = iphoneos;
				SWIFT_OPTIMIZATION_LEVEL = "-Owholemodule";
				TARGETED_DEVICE_FAMILY = "1,2";
				VALIDATE_PRODUCT = YES;
			};
			name = Release;
		};
		DD959BD81D70A66E00BB2250 /* Debug */ = {
			isa = XCBuildConfiguration;
			buildSettings = {
				ASSETCATALOG_COMPILER_APPICON_NAME = AppIcon;
				INFOPLIST_FILE = Pokedex/Info.plist;
				LD_RUNPATH_SEARCH_PATHS = "$(inherited) @executable_path/Frameworks";
				PRODUCT_BUNDLE_IDENTIFIER = com.JonathanUttankar.Pokedex;
				PRODUCT_NAME = "$(TARGET_NAME)";
				SWIFT_VERSION = 3.0;
			};
			name = Debug;
		};
		DD959BD91D70A66E00BB2250 /* Release */ = {
			isa = XCBuildConfiguration;
			buildSettings = {
				ASSETCATALOG_COMPILER_APPICON_NAME = AppIcon;
				INFOPLIST_FILE = Pokedex/Info.plist;
				LD_RUNPATH_SEARCH_PATHS = "$(inherited) @executable_path/Frameworks";
				PRODUCT_BUNDLE_IDENTIFIER = com.JonathanUttankar.Pokedex;
				PRODUCT_NAME = "$(TARGET_NAME)";
				SWIFT_VERSION = 3.0;
			};
			name = Release;
		};
/* End XCBuildConfiguration section */

/* Begin XCConfigurationList section */
		DD959BC01D70A66E00BB2250 /* Build configuration list for PBXProject "Pokedex" */ = {
			isa = XCConfigurationList;
			buildConfigurations = (
				DD959BD51D70A66E00BB2250 /* Debug */,
				DD959BD61D70A66E00BB2250 /* Release */,
			);
			defaultConfigurationIsVisible = 0;
			defaultConfigurationName = Release;
		};
		DD959BD71D70A66E00BB2250 /* Build configuration list for PBXNativeTarget "Pokedex" */ = {
			isa = XCConfigurationList;
			buildConfigurations = (
				DD959BD81D70A66E00BB2250 /* Debug */,
				DD959BD91D70A66E00BB2250 /* Release */,
			);
			defaultConfigurationIsVisible = 0;
		};
/* End XCConfigurationList section */
	};
	rootObject = DD959BBD1D70A66E00BB2250 /* Project object */;
}
